
Microsoft Visual Studio Solution File, Format Version 12.00
# Visual Studio Version 16
VisualStudioVersion = 16.0.31313.79
MinimumVisualStudioVersion = 10.0.40219.1
Project("{9A19103F-16F7-4668-BE54-9A1E7A4F7556}") = "Feda", "Feda\Feda.csproj", "{0CEBA362-B201-4AB3-A3B3-679933D92956}"
EndProject
Project("{2150E333-8FDC-42A3-9474-1A3956D46DE8}") = "Tests", "Tests", "{CC4DCC6D-E39D-4648-AEF4-BC3F074F6BDA}"
EndProject
Project("{FAE04EC0-301F-11D3-BF4B-00C04F79EFBC}") = "Feda.Tests", "..\test\Feda.Tests\Feda.Tests.csproj", "{BE6F349A-5699-4FAF-B6C6-74A9C79AD660}"
EndProject
Global
	GlobalSection(SolutionConfigurationPlatforms) = preSolution
		Debug|Any CPU = Debug|Any CPU
		Release|Any CPU = Release|Any CPU
	EndGlobalSection
	GlobalSection(ProjectConfigurationPlatforms) = postSolution
		{0CEBA362-B201-4AB3-A3B3-679933D92956}.Debug|Any CPU.ActiveCfg = Debug|Any CPU
		{0CEBA362-B201-4AB3-A3B3-679933D92956}.Debug|Any CPU.Build.0 = Debug|Any CPU
		{0CEBA362-B201-4AB3-A3B3-679933D92956}.Release|Any CPU.ActiveCfg = Release|Any CPU
		{0CEBA362-B201-4AB3-A3B3-679933D92956}.Release|Any CPU.Build.0 = Release|Any CPU
		{BE6F349A-5699-4FAF-B6C6-74A9C79AD660}.Debug|Any CPU.ActiveCfg = Debug|Any CPU
		{BE6F349A-5699-4FAF-B6C6-74A9C79AD660}.Debug|Any CPU.Build.0 = Debug|Any CPU
		{BE6F349A-5699-4FAF-B6C6-74A9C79AD660}.Release|Any CPU.ActiveCfg = Release|Any CPU
		{BE6F349A-5699-4FAF-B6C6-74A9C79AD660}.Release|Any CPU.Build.0 = Release|Any CPU
	EndGlobalSection
	GlobalSection(SolutionProperties) = preSolution
		HideSolutionNode = FALSE
	EndGlobalSection
	GlobalSection(NestedProjects) = preSolution
		{BE6F349A-5699-4FAF-B6C6-74A9C79AD660} = {CC4DCC6D-E39D-4648-AEF4-BC3F074F6BDA}
	EndGlobalSection
	GlobalSection(ExtensibilityGlobals) = postSolution
		SolutionGuid = {FC9D7181-3A9D-4B78-9E15-D5EF2B0DF171}
	EndGlobalSection
EndGlobal
